connectrpc.com/connect v1.18.1 h1:PAg7CjSAGvscaf6YZKUefjoih5Z/qYkyaTrBW8xvYPw=
connectrpc.com/connect v1.18.1/go.mod h1:0292hj1rnx8oFrStN7cB4jjVBeqs+Yx5yDIC2prWDO8=
github.com/VictoriaMetrics/metrics v1.38.0 h1:1d0dRgVH8Nnu8dKMfisKefPC3q7gqf3/odyO0quAvyA=
github.com/VictoriaMetrics/metrics v1.38.0/go.mod h1:r7hveu6xMdUACXvB8TYdAj8WEsKzWB0EkpJN+RDtOf8=
github.com/gocarina/gocsv v0.0.0-20240520201108-78e41c74b4b1 h1:FWNFq4fM1wPfcK40yHE5UO3RUdSNPaBC+j3PokzA6OQ=
github.com/gocarina/gocsv v0.0.0-20240520201108-78e41c74b4b1/go.mod h1:5YoVOkjYAQumqlV356Hj3xeYh4BdZuLE0/nRkf2NKkI=
github.com/google/go-cmp v0.7.0 h1:wk8382ETsv4JYUZwIsn6YpYiWiBsYLSJiTsyBybVuN8=
github.com/google/go-cmp v0.7.0/go.mod h1:pXiqmnSA92OHEEa9HXL2W4E7lf9JzCmGVUdgjX3N/iU=
github.com/spkg/bom v1.0.1 h1:tl8kQ2sufL/wDEJa9me1jnQYEpDB7LqYGNkwCVR5GLs=
github.com/spkg/bom v1.0.1/go.mod h1:4VaFoiTGzDoSmJJ1csk9pXlCQiJKqj+9AXiFyavhHEw=
github.com/valyala/fastrand v1.1.0 h1:f+5HkLW4rsgzdNoleUOB69hyT9IlD2ZQh9GyDMfb5G8=
github.com/valyala/fastrand v1.1.0/go.mod h1:HWqCzkrkg6QXT8V2EXWvXCoow7vLwOFN002oeRzjapQ=
github.com/valyala/histogram v1.2.0 h1:wyYGAZZt3CpwUiIb9AU/Zbllg1llXyrtApRS815OLoQ=
github.com/valyala/histogram v1.2.0/go.mod h1:Hb4kBwb4UxsaNbbbh+RRz8ZR6pdodR57tzWUS3BUzXY=
golang.org/x/net v0.38.0 h1:vRMAPTMaeGqVhG5QyLJHqNDwecKTomGeqbnfZyKlBI8=
golang.org/x/net v0.38.0/go.mod h1:ivrbrMbzFq5J41QOQh0siUuly180yBYtLp+CKbEaFx8=
golang.org/x/sys v0.31.0 h1:ioabZlmFYtWhL+TRYpcnNlLwhyxaM9kWTDEmfnprqik=
golang.org/x/sys v0.31.0/go.mod h1:BJP2sWEmIv4KK5OTEluFJCKSidICx8ciO85XgH3Ak8k=
golang.org/x/text v0.23.0 h1:D71I7dUrlY+VX0gQShAThNGHFxZ13dGLBHQLVl1mJlY=
golang.org/x/text v0.23.0/go.mod h1:/BLNzu4aZCJ1+kcD0DNRotWKage4q2rGVAg4o22unh4=
google.golang.org/protobuf v1.36.6 h1:z1NpPI8ku2WgiWnf+t9wTPsn6eP1L7ksHUlkfLvd9xY=
google.golang.org/protobuf v1.36.6/go.mod h1:jduwjTPXsFjZGTmRluh+L6NjiWu7pchiJ2/5YcXBHnY=
